
Microsoft Visual Studio Solution File, Format Version 12.00
# Visual Studio Version 17
VisualStudioVersion = 17.14.36518.9
MinimumVisualStudioVersion = 10.0.40219.1
Project("{2150E333-8FDC-42A3-9474-1A3956D46DE8}") = "src", "src", "{02EA681E-C7D8-13C7-8484-4AC65E1B71E8}"
EndProject
Project("{2150E333-8FDC-42A3-9474-1A3956D46DE8}") = "Services", "Services", "{49AEB7FD-BCB0-4C8C-AA6A-126C2DAB5A35}"
EndProject
Project("{2150E333-8FDC-42A3-9474-1A3956D46DE8}") = "Catalog", "Catalog", "{E65ED9EA-5857-464D-8551-AD9D02E5FBF0}"
EndProject
Project("{FAE04EC0-301F-11D3-BF4B-00C04F79EFBC}") = "Catalog.Api", "src\Services\Catalog\Catalog.Api\Catalog.Api.csproj", "{79D7F450-3AC9-4016-A414-EF88F0A89504}"
EndProject
Project("{2150E333-8FDC-42A3-9474-1A3956D46DE8}") = "docs", "docs", "{DC6B179B-B3DC-4419-B8D9-EEE669B42D68}"
	ProjectSection(SolutionItems) = preProject
		docker_comands.txt = docker_comands.txt
	EndProjectSection
EndProject
Project("{E53339B2-1760-4266-BCC7-CA923CBCF16C}") = "docker-compose", "docker-compose.dcproj", "{81DDED9D-158B-E303-5F62-77A2896D2A5A}"
EndProject
Project("{2150E333-8FDC-42A3-9474-1A3956D46DE8}") = "Basket", "Basket", "{D4C8D1EB-883B-46DD-A331-E59F0729AC95}"
EndProject
Project("{FAE04EC0-301F-11D3-BF4B-00C04F79EFBC}") = "Basket.Api", "src\Services\Basket\Basket.Api\Basket.Api.csproj", "{D8D86890-7A53-463E-B777-132E1EA2DDF9}"
EndProject
Project("{2150E333-8FDC-42A3-9474-1A3956D46DE8}") = "Discount", "Discount", "{D83CDFCE-8E7A-4FF6-9277-BE2EA8B8A1DF}"
EndProject
Project("{FAE04EC0-301F-11D3-BF4B-00C04F79EFBC}") = "Discount.Api", "src\Services\Discount\Discount.Api\Discount.Api.csproj", "{62B4CB19-0D44-41B4-9770-04558A12220C}"
EndProject
Project("{FAE04EC0-301F-11D3-BF4B-00C04F79EFBC}") = "Discount.Grpc", "src\Services\Discount\Discount.Grpc\Discount.Grpc.csproj", "{71A9020E-D8AD-471B-A870-A4569B4E87FE}"
EndProject
Project("{2150E333-8FDC-42A3-9474-1A3956D46DE8}") = "Ordering", "Ordering", "{A1B2A398-0923-4F02-9E69-A82D270853E7}"
EndProject
Project("{FAE04EC0-301F-11D3-BF4B-00C04F79EFBC}") = "Ordering.Api", "src\Services\Ordering\Ordering.Api\Ordering.Api.csproj", "{E5C5E3CB-4532-40D4-9435-E7507395FEA8}"
EndProject
Project("{FAE04EC0-301F-11D3-BF4B-00C04F79EFBC}") = "Ordering.Domain", "src\Services\Ordering\Ordering.Domain\Ordering.Domain.csproj", "{F44A8E79-329F-412E-BF40-7DDEB682A8F8}"
EndProject
Project("{FAE04EC0-301F-11D3-BF4B-00C04F79EFBC}") = "Ordering.Application", "src\Services\Ordering\Ordering.Application\Ordering.Application.csproj", "{7150A29A-A736-4D6F-A928-7C6F0388BBA9}"
EndProject
Project("{FAE04EC0-301F-11D3-BF4B-00C04F79EFBC}") = "Ordering.Infrastructure", "src\Services\Ordering\Ordering.Infrastructure\Ordering.Infrastructure.csproj", "{C58CD338-822E-488B-90CF-3B386941E06A}"
EndProject
Project("{FAE04EC0-301F-11D3-BF4B-00C04F79EFBC}") = "Ordering.SharedKernel", "src\Services\Ordering\Ordering.SharedKernel\Ordering.SharedKernel.csproj", "{A9C5C3CE-004E-4FDD-9A5F-1FBD1B543CB8}"
EndProject
Project("{FAE04EC0-301F-11D3-BF4B-00C04F79EFBC}") = "Ordering.Application.Contracts", "src\Services\Ordering\Ordering.Application.Contracts\Ordering.Application.Contracts.csproj", "{5BAF8C62-A052-4A3E-B1CB-3063D4A19C7E}"
EndProject
Project("{2150E333-8FDC-42A3-9474-1A3956D46DE8}") = "BuildingBlocks", "BuildingBlocks", "{DCD94EF7-2FFB-4EF8-9EC3-5789AD7A3CAF}"
EndProject
Project("{FAE04EC0-301F-11D3-BF4B-00C04F79EFBC}") = "EventBus.Messages", "src\BuildingBlocks\EventBus.Messages\EventBus.Messages.csproj", "{94305142-8D46-44D9-928F-BE581AF9D9FF}"
EndProject
Project("{2150E333-8FDC-42A3-9474-1A3956D46DE8}") = "ApiGateways", "ApiGateways", "{90BD0790-E550-4F22-BF18-201B1DF46B1F}"
EndProject
Project("{FAE04EC0-301F-11D3-BF4B-00C04F79EFBC}") = "Ocelot.ApiGateway", "src\ApiGateways\Ocelot.ApiGateway\Ocelot.ApiGateway.csproj", "{3B4D26EE-FF77-47AF-AE14-79EEE4DA9246}"
EndProject
Project("{FAE04EC0-301F-11D3-BF4B-00C04F79EFBC}") = "Shopping.Aggregator", "src\ApiGateways\Shopping.Aggregator\Shopping.Aggregator.csproj", "{25CC0B34-2874-44C8-912C-E32DE0B6403C}"
EndProject
Project("{2150E333-8FDC-42A3-9474-1A3956D46DE8}") = "WebApps", "WebApps", "{33F8B805-1268-4B4E-97D8-3955CBDE192B}"
EndProject
Project("{FAE04EC0-301F-11D3-BF4B-00C04F79EFBC}") = "AspnetRunBasics", "src\WebApps\AspnetRunBasics\AspnetRunBasics.csproj", "{C577E7E8-017D-C709-AF4D-9B6137B69E9F}"
EndProject
Project("{FAE04EC0-301F-11D3-BF4B-00C04F79EFBC}") = "Shopping.Web", "src\WebApps\Shopping.Web\Shopping.Web.csproj", "{4C824820-3CE9-472F-AE2B-FC298153EE33}"
EndProject
Project("{2150E333-8FDC-42A3-9474-1A3956D46DE8}") = "Solution Items", "Solution Items", "{8EC462FD-D22E-90A8-E5CE-7E832BA40C5D}"
	ProjectSection(SolutionItems) = preProject
		Directory.Packages.props = Directory.Packages.props
	EndProjectSection
EndProject
Global
	GlobalSection(SolutionConfigurationPlatforms) = preSolution
		Debug|Any CPU = Debug|Any CPU
		Release|Any CPU = Release|Any CPU
	EndGlobalSection
	GlobalSection(ProjectConfigurationPlatforms) = postSolution
		{79D7F450-3AC9-4016-A414-EF88F0A89504}.Debug|Any CPU.ActiveCfg = Debug|Any CPU
		{79D7F450-3AC9-4016-A414-EF88F0A89504}.Debug|Any CPU.Build.0 = Debug|Any CPU
		{79D7F450-3AC9-4016-A414-EF88F0A89504}.Release|Any CPU.ActiveCfg = Release|Any CPU
		{79D7F450-3AC9-4016-A414-EF88F0A89504}.Release|Any CPU.Build.0 = Release|Any CPU
		{81DDED9D-158B-E303-5F62-77A2896D2A5A}.Debug|Any CPU.ActiveCfg = Debug|Any CPU
		{81DDED9D-158B-E303-5F62-77A2896D2A5A}.Debug|Any CPU.Build.0 = Debug|Any CPU
		{81DDED9D-158B-E303-5F62-77A2896D2A5A}.Release|Any CPU.ActiveCfg = Release|Any CPU
		{81DDED9D-158B-E303-5F62-77A2896D2A5A}.Release|Any CPU.Build.0 = Release|Any CPU
		{D8D86890-7A53-463E-B777-132E1EA2DDF9}.Debug|Any CPU.ActiveCfg = Debug|Any CPU
		{D8D86890-7A53-463E-B777-132E1EA2DDF9}.Debug|Any CPU.Build.0 = Debug|Any CPU
		{D8D86890-7A53-463E-B777-132E1EA2DDF9}.Release|Any CPU.ActiveCfg = Release|Any CPU
		{D8D86890-7A53-463E-B777-132E1EA2DDF9}.Release|Any CPU.Build.0 = Release|Any CPU
		{62B4CB19-0D44-41B4-9770-04558A12220C}.Debug|Any CPU.ActiveCfg = Debug|Any CPU
		{62B4CB19-0D44-41B4-9770-04558A12220C}.Debug|Any CPU.Build.0 = Debug|Any CPU
		{62B4CB19-0D44-41B4-9770-04558A12220C}.Release|Any CPU.ActiveCfg = Release|Any CPU
		{62B4CB19-0D44-41B4-9770-04558A12220C}.Release|Any CPU.Build.0 = Release|Any CPU
		{71A9020E-D8AD-471B-A870-A4569B4E87FE}.Debug|Any CPU.ActiveCfg = Debug|Any CPU
		{71A9020E-D8AD-471B-A870-A4569B4E87FE}.Debug|Any CPU.Build.0 = Debug|Any CPU
		{71A9020E-D8AD-471B-A870-A4569B4E87FE}.Release|Any CPU.ActiveCfg = Release|Any CPU
		{71A9020E-D8AD-471B-A870-A4569B4E87FE}.Release|Any CPU.Build.0 = Release|Any CPU
		{E5C5E3CB-4532-40D4-9435-E7507395FEA8}.Debug|Any CPU.ActiveCfg = Debug|Any CPU
		{E5C5E3CB-4532-40D4-9435-E7507395FEA8}.Debug|Any CPU.Build.0 = Debug|Any CPU
		{E5C5E3CB-4532-40D4-9435-E7507395FEA8}.Release|Any CPU.ActiveCfg = Release|Any CPU
		{E5C5E3CB-4532-40D4-9435-E7507395FEA8}.Release|Any CPU.Build.0 = Release|Any CPU
		{F44A8E79-329F-412E-BF40-7DDEB682A8F8}.Debug|Any CPU.ActiveCfg = Debug|Any CPU
		{F44A8E79-329F-412E-BF40-7DDEB682A8F8}.Debug|Any CPU.Build.0 = Debug|Any CPU
		{F44A8E79-329F-412E-BF40-7DDEB682A8F8}.Release|Any CPU.ActiveCfg = Release|Any CPU
		{F44A8E79-329F-412E-BF40-7DDEB682A8F8}.Release|Any CPU.Build.0 = Release|Any CPU
		{7150A29A-A736-4D6F-A928-7C6F0388BBA9}.Debug|Any CPU.ActiveCfg = Debug|Any CPU
		{7150A29A-A736-4D6F-A928-7C6F0388BBA9}.Debug|Any CPU.Build.0 = Debug|Any CPU
		{7150A29A-A736-4D6F-A928-7C6F0388BBA9}.Release|Any CPU.ActiveCfg = Release|Any CPU
		{7150A29A-A736-4D6F-A928-7C6F0388BBA9}.Release|Any CPU.Build.0 = Release|Any CPU
		{C58CD338-822E-488B-90CF-3B386941E06A}.Debug|Any CPU.ActiveCfg = Debug|Any CPU
		{C58CD338-822E-488B-90CF-3B386941E06A}.Debug|Any CPU.Build.0 = Debug|Any CPU
		{C58CD338-822E-488B-90CF-3B386941E06A}.Release|Any CPU.ActiveCfg = Release|Any CPU
		{C58CD338-822E-488B-90CF-3B386941E06A}.Release|Any CPU.Build.0 = Release|Any CPU
		{A9C5C3CE-004E-4FDD-9A5F-1FBD1B543CB8}.Debug|Any CPU.ActiveCfg = Debug|Any CPU
		{A9C5C3CE-004E-4FDD-9A5F-1FBD1B543CB8}.Debug|Any CPU.Build.0 = Debug|Any CPU
		{A9C5C3CE-004E-4FDD-9A5F-1FBD1B543CB8}.Release|Any CPU.ActiveCfg = Release|Any CPU
		{A9C5C3CE-004E-4FDD-9A5F-1FBD1B543CB8}.Release|Any CPU.Build.0 = Release|Any CPU
		{5BAF8C62-A052-4A3E-B1CB-3063D4A19C7E}.Debug|Any CPU.ActiveCfg = Debug|Any CPU
		{5BAF8C62-A052-4A3E-B1CB-3063D4A19C7E}.Debug|Any CPU.Build.0 = Debug|Any CPU
		{5BAF8C62-A052-4A3E-B1CB-3063D4A19C7E}.Release|Any CPU.ActiveCfg = Release|Any CPU
		{5BAF8C62-A052-4A3E-B1CB-3063D4A19C7E}.Release|Any CPU.Build.0 = Release|Any CPU
		{94305142-8D46-44D9-928F-BE581AF9D9FF}.Debug|Any CPU.ActiveCfg = Debug|Any CPU
		{94305142-8D46-44D9-928F-BE581AF9D9FF}.Debug|Any CPU.Build.0 = Debug|Any CPU
		{94305142-8D46-44D9-928F-BE581AF9D9FF}.Release|Any CPU.ActiveCfg = Release|Any CPU
		{94305142-8D46-44D9-928F-BE581AF9D9FF}.Release|Any CPU.Build.0 = Release|Any CPU
		{3B4D26EE-FF77-47AF-AE14-79EEE4DA9246}.Debug|Any CPU.ActiveCfg = Debug|Any CPU
		{3B4D26EE-FF77-47AF-AE14-79EEE4DA9246}.Debug|Any CPU.Build.0 = Debug|Any CPU
		{3B4D26EE-FF77-47AF-AE14-79EEE4DA9246}.Release|Any CPU.ActiveCfg = Release|Any CPU
		{3B4D26EE-FF77-47AF-AE14-79EEE4DA9246}.Release|Any CPU.Build.0 = Release|Any CPU
		{25CC0B34-2874-44C8-912C-E32DE0B6403C}.Debug|Any CPU.ActiveCfg = Debug|Any CPU
		{25CC0B34-2874-44C8-912C-E32DE0B6403C}.Debug|Any CPU.Build.0 = Debug|Any CPU
		{25CC0B34-2874-44C8-912C-E32DE0B6403C}.Release|Any CPU.ActiveCfg = Release|Any CPU
		{25CC0B34-2874-44C8-912C-E32DE0B6403C}.Release|Any CPU.Build.0 = Release|Any CPU
		{C577E7E8-017D-C709-AF4D-9B6137B69E9F}.Debug|Any CPU.ActiveCfg = Debug|Any CPU
		{C577E7E8-017D-C709-AF4D-9B6137B69E9F}.Debug|Any CPU.Build.0 = Debug|Any CPU
		{C577E7E8-017D-C709-AF4D-9B6137B69E9F}.Release|Any CPU.ActiveCfg = Release|Any CPU
		{C577E7E8-017D-C709-AF4D-9B6137B69E9F}.Release|Any CPU.Build.0 = Release|Any CPU
		{4C824820-3CE9-472F-AE2B-FC298153EE33}.Debug|Any CPU.ActiveCfg = Debug|Any CPU
		{4C824820-3CE9-472F-AE2B-FC298153EE33}.Debug|Any CPU.Build.0 = Debug|Any CPU
		{4C824820-3CE9-472F-AE2B-FC298153EE33}.Release|Any CPU.ActiveCfg = Release|Any CPU
		{4C824820-3CE9-472F-AE2B-FC298153EE33}.Release|Any CPU.Build.0 = Release|Any CPU
	EndGlobalSection
	GlobalSection(SolutionProperties) = preSolution
		HideSolutionNode = FALSE
	EndGlobalSection
	GlobalSection(NestedProjects) = preSolution
		{49AEB7FD-BCB0-4C8C-AA6A-126C2DAB5A35} = {02EA681E-C7D8-13C7-8484-4AC65E1B71E8}
		{E65ED9EA-5857-464D-8551-AD9D02E5FBF0} = {49AEB7FD-BCB0-4C8C-AA6A-126C2DAB5A35}
		{79D7F450-3AC9-4016-A414-EF88F0A89504} = {E65ED9EA-5857-464D-8551-AD9D02E5FBF0}
		{DC6B179B-B3DC-4419-B8D9-EEE669B42D68} = {02EA681E-C7D8-13C7-8484-4AC65E1B71E8}
		{D4C8D1EB-883B-46DD-A331-E59F0729AC95} = {49AEB7FD-BCB0-4C8C-AA6A-126C2DAB5A35}
		{D8D86890-7A53-463E-B777-132E1EA2DDF9} = {D4C8D1EB-883B-46DD-A331-E59F0729AC95}
		{D83CDFCE-8E7A-4FF6-9277-BE2EA8B8A1DF} = {49AEB7FD-BCB0-4C8C-AA6A-126C2DAB5A35}
		{62B4CB19-0D44-41B4-9770-04558A12220C} = {D83CDFCE-8E7A-4FF6-9277-BE2EA8B8A1DF}
		{71A9020E-D8AD-471B-A870-A4569B4E87FE} = {D83CDFCE-8E7A-4FF6-9277-BE2EA8B8A1DF}
		{A1B2A398-0923-4F02-9E69-A82D270853E7} = {49AEB7FD-BCB0-4C8C-AA6A-126C2DAB5A35}
		{E5C5E3CB-4532-40D4-9435-E7507395FEA8} = {A1B2A398-0923-4F02-9E69-A82D270853E7}
		{F44A8E79-329F-412E-BF40-7DDEB682A8F8} = {A1B2A398-0923-4F02-9E69-A82D270853E7}
		{7150A29A-A736-4D6F-A928-7C6F0388BBA9} = {A1B2A398-0923-4F02-9E69-A82D270853E7}
		{C58CD338-822E-488B-90CF-3B386941E06A} = {A1B2A398-0923-4F02-9E69-A82D270853E7}
		{A9C5C3CE-004E-4FDD-9A5F-1FBD1B543CB8} = {A1B2A398-0923-4F02-9E69-A82D270853E7}
		{5BAF8C62-A052-4A3E-B1CB-3063D4A19C7E} = {A1B2A398-0923-4F02-9E69-A82D270853E7}
		{DCD94EF7-2FFB-4EF8-9EC3-5789AD7A3CAF} = {02EA681E-C7D8-13C7-8484-4AC65E1B71E8}
		{94305142-8D46-44D9-928F-BE581AF9D9FF} = {DCD94EF7-2FFB-4EF8-9EC3-5789AD7A3CAF}
		{90BD0790-E550-4F22-BF18-201B1DF46B1F} = {02EA681E-C7D8-13C7-8484-4AC65E1B71E8}
		{3B4D26EE-FF77-47AF-AE14-79EEE4DA9246} = {90BD0790-E550-4F22-BF18-201B1DF46B1F}
		{25CC0B34-2874-44C8-912C-E32DE0B6403C} = {90BD0790-E550-4F22-BF18-201B1DF46B1F}
		{33F8B805-1268-4B4E-97D8-3955CBDE192B} = {02EA681E-C7D8-13C7-8484-4AC65E1B71E8}
		{C577E7E8-017D-C709-AF4D-9B6137B69E9F} = {33F8B805-1268-4B4E-97D8-3955CBDE192B}
		{4C824820-3CE9-472F-AE2B-FC298153EE33} = {33F8B805-1268-4B4E-97D8-3955CBDE192B}
	EndGlobalSection
	GlobalSection(ExtensibilityGlobals) = postSolution
		SolutionGuid = {C328567E-CACB-4F5D-9AFB-EFB5D7CF61C7}
	EndGlobalSection
EndGlobal
